
Microsoft Visual Studio Solution File, Format Version 12.00
# Visual Studio Version 17
VisualStudioVersion = 17.4.33403.182
MinimumVisualStudioVersion = 10.0.40219.1
Project("{FAE04EC0-301F-11D3-BF4B-00C04F79EFBC}") = "BusTimer", "BusTimer\BusTimer.csproj", "{75B09E92-FBA4-45B6-98F1-9F943FC272DC}"
EndProject
Global
	GlobalSection(SolutionConfigurationPlatforms) = preSolution
		Debug|Any CPU = Debug|Any CPU
		Release|Any CPU = Release|Any CPU
	EndGlobalSection
	GlobalSection(ProjectConfigurationPlatforms) = postSolution
		{75B09E92-FBA4-45B6-98F1-9F943FC272DC}.Debug|Any CPU.ActiveCfg = Debug|Any CPU
		{75B09E92-FBA4-45B6-98F1-9F943FC272DC}.Debug|Any CPU.Build.0 = Debug|Any CPU
		{75B09E92-FBA4-45B6-98F1-9F943FC272DC}.Release|Any CPU.ActiveCfg = Release|Any CPU
		{75B09E92-FBA4-45B6-98F1-9F943FC272DC}.Release|Any CPU.Build.0 = Release|Any CPU
	EndGlobalSection
	GlobalSection(SolutionProperties) = preSolution
		HideSolutionNode = FALSE
	EndGlobalSection
	GlobalSection(ExtensibilityGlobals) = postSolution
		SolutionGuid = {7992D307-ABF7-48C1-916F-5766E08F0755}
	EndGlobalSection
EndGlobal
